<?xml version="1.0" encoding="utf-8"?>
<Project ToolsVersion="4.0" xmlns="http://schemas.microsoft.com/developer/msbuild/2003">
  <ItemGroup>
    <Filter Include="code"><UniqueIdentifier>{50552AA3-0000-0000-0000-000000000000}</UniqueIdentifier></Filter>
    <Filter Include="code\botlib"><UniqueIdentifier>{D4F3C098-0000-0000-0000-000000000000}</UniqueIdentifier></Filter>
    <Filter Include="code\cgame"><UniqueIdentifier>{4F00DD3A-0000-0000-0000-000000000000}</UniqueIdentifier></Filter>
    <Filter Include="code\client"><UniqueIdentifier>{C8153398-0000-0000-0000-000000000000}</UniqueIdentifier></Filter>
    <Filter Include="code\game"><UniqueIdentifier>{493C2F3A-0000-0000-0000-000000000000}</UniqueIdentifier></Filter>
    <Filter Include="code\null"><UniqueIdentifier>{93B0001E-0000-0000-0000-000000000000}</UniqueIdentifier></Filter>
    <Filter Include="code\q3_ui"><UniqueIdentifier>{9226DA1B-0000-0000-0000-000000000000}</UniqueIdentifier></Filter>
    <Filter Include="code\qcommon"><UniqueIdentifier>{F71D27D1-0000-0000-0000-000000000000}</UniqueIdentifier></Filter>
    <Filter Include="code\renderercommon"><UniqueIdentifier>{C88120AD-0000-0000-0000-000000000000}</UniqueIdentifier></Filter>
    <Filter Include="code\renderergl1"><UniqueIdentifier>{CA47F69E-0000-0000-0000-000000000000}</UniqueIdentifier></Filter>
    <Filter Include="code\renderergl2"><UniqueIdentifier>{B8ACA94D-0000-0000-0000-000000000000}</UniqueIdentifier></Filter>
    <Filter Include="code\sdl"><UniqueIdentifier>{724DC2B7-0000-0000-0000-000000000000}</UniqueIdentifier></Filter>
    <Filter Include="code\server"><UniqueIdentifier>{8B3AB2AB-0000-0000-0000-000000000000}</UniqueIdentifier></Filter>
    <Filter Include="code\sys"><UniqueIdentifier>{CA6ED65F-0000-0000-0000-000000000000}</UniqueIdentifier></Filter>
    <Filter Include="code\ui"><UniqueIdentifier>{F3309FEC-0000-0000-0000-000000000000}</UniqueIdentifier></Filter>
    <Filter Include="code\vr"><UniqueIdentifier>{19ABEDF7-0000-0000-0000-000000000000}</UniqueIdentifier></Filter>
    <Filter Include="code\vr\android"><UniqueIdentifier>{FC958F2C-0000-0000-0000-000000000000}</UniqueIdentifier></Filter>
    <Filter Include="code\vr\openxr"><UniqueIdentifier>{546D46CE-0000-0000-0000-000000000000}</UniqueIdentifier></Filter>
    <Filter Include="code\vr\windows"><UniqueIdentifier>{8A036BBA-0000-0000-0000-000000000000}</UniqueIdentifier></Filter>
  </ItemGroup>
  <ItemGroup>
    <ClCompile Include="code\botlib\be_aas_bspq3.c"><Filter>code\botlib</Filter></ClCompile>
    <ClCompile Include="code\botlib\be_aas_cluster.c"><Filter>code\botlib</Filter></ClCompile>
    <ClCompile Include="code\botlib\be_aas_debug.c"><Filter>code\botlib</Filter></ClCompile>
    <ClCompile Include="code\botlib\be_aas_entity.c"><Filter>code\botlib</Filter></ClCompile>
    <ClCompile Include="code\botlib\be_aas_file.c"><Filter>code\botlib</Filter></ClCompile>
    <ClCompile Include="code\botlib\be_aas_main.c"><Filter>code\botlib</Filter></ClCompile>
    <ClCompile Include="code\botlib\be_aas_move.c"><Filter>code\botlib</Filter></ClCompile>
    <ClCompile Include="code\botlib\be_aas_optimize.c"><Filter>code\botlib</Filter></ClCompile>
    <ClCompile Include="code\botlib\be_aas_reach.c"><Filter>code\botlib</Filter></ClCompile>
    <ClCompile Include="code\botlib\be_aas_route.c"><Filter>code\botlib</Filter></ClCompile>
    <ClCompile Include="code\botlib\be_aas_routealt.c"><Filter>code\botlib</Filter></ClCompile>
    <ClCompile Include="code\botlib\be_aas_sample.c"><Filter>code\botlib</Filter></ClCompile>
    <ClCompile Include="code\botlib\be_ai_char.c"><Filter>code\botlib</Filter></ClCompile>
    <ClCompile Include="code\botlib\be_ai_chat.c"><Filter>code\botlib</Filter></ClCompile>
    <ClCompile Include="code\botlib\be_ai_gen.c"><Filter>code\botlib</Filter></ClCompile>
    <ClCompile Include="code\botlib\be_ai_goal.c"><Filter>code\botlib</Filter></ClCompile>
    <ClCompile Include="code\botlib\be_ai_move.c"><Filter>code\botlib</Filter></ClCompile>
    <ClCompile Include="code\botlib\be_ai_weap.c"><Filter>code\botlib</Filter></ClCompile>
    <ClCompile Include="code\botlib\be_ai_weight.c"><Filter>code\botlib</Filter></ClCompile>
    <ClCompile Include="code\botlib\be_ea.c"><Filter>code\botlib</Filter></ClCompile>
    <ClCompile Include="code\botlib\be_interface.c"><Filter>code\botlib</Filter></ClCompile>
    <ClCompile Include="code\botlib\l_crc.c"><Filter>code\botlib</Filter></ClCompile>
    <ClCompile Include="code\botlib\l_libvar.c"><Filter>code\botlib</Filter></ClCompile>
    <ClCompile Include="code\botlib\l_log.c"><Filter>code\botlib</Filter></ClCompile>
    <ClCompile Include="code\botlib\l_memory.c"><Filter>code\botlib</Filter></ClCompile>
    <ClCompile Include="code\botlib\l_precomp.c"><Filter>code\botlib</Filter></ClCompile>
    <ClCompile Include="code\botlib\l_script.c"><Filter>code\botlib</Filter></ClCompile>
    <ClCompile Include="code\botlib\l_struct.c"><Filter>code\botlib</Filter></ClCompile>
    <ClCompile Include="code\cgame\cg_consolecmds.c"><Filter>code\cgame</Filter></ClCompile>
    <ClCompile Include="code\cgame\cg_draw.c"><Filter>code\cgame</Filter></ClCompile>
    <ClCompile Include="code\cgame\cg_drawtools.c"><Filter>code\cgame</Filter></ClCompile>
    <ClCompile Include="code\cgame\cg_effects.c"><Filter>code\cgame</Filter></ClCompile>
    <ClCompile Include="code\cgame\cg_ents.c"><Filter>code\cgame</Filter></ClCompile>
    <ClCompile Include="code\cgame\cg_event.c"><Filter>code\cgame</Filter></ClCompile>
    <ClCompile Include="code\cgame\cg_info.c"><Filter>code\cgame</Filter></ClCompile>
    <ClCompile Include="code\cgame\cg_localents.c"><Filter>code\cgame</Filter></ClCompile>
    <ClCompile Include="code\cgame\cg_main.c"><Filter>code\cgame</Filter></ClCompile>
    <ClCompile Include="code\cgame\cg_marks.c"><Filter>code\cgame</Filter></ClCompile>
    <ClCompile Include="code\cgame\cg_particles.c"><Filter>code\cgame</Filter></ClCompile>
    <ClCompile Include="code\cgame\cg_players.c"><Filter>code\cgame</Filter></ClCompile>
    <ClCompile Include="code\cgame\cg_playerstate.c"><Filter>code\cgame</Filter></ClCompile>
    <ClCompile Include="code\cgame\cg_predict.c"><Filter>code\cgame</Filter></ClCompile>
    <ClCompile Include="code\cgame\cg_scoreboard.c"><Filter>code\cgame</Filter></ClCompile>
    <ClCompile Include="code\cgame\cg_servercmds.c"><Filter>code\cgame</Filter></ClCompile>
    <ClCompile Include="code\cgame\cg_snapshot.c"><Filter>code\cgame</Filter></ClCompile>
    <ClCompile Include="code\cgame\cg_syscalls.c"><Filter>code\cgame</Filter></ClCompile>
    <ClCompile Include="code\cgame\cg_view.c"><Filter>code\cgame</Filter></ClCompile>
    <ClCompile Include="code\cgame\cg_weapons.c"><Filter>code\cgame</Filter></ClCompile>
    <ClCompile Include="code\client\cl_avi.c"><Filter>code\client</Filter></ClCompile>
    <ClCompile Include="code\client\cl_cgame.c"><Filter>code\client</Filter></ClCompile>
    <ClCompile Include="code\client\cl_cgame_sp.c"><Filter>code\client</Filter></ClCompile>
    <ClCompile Include="code\client\cl_cin.c"><Filter>code\client</Filter></ClCompile>
    <ClCompile Include="code\client\cl_console.c"><Filter>code\client</Filter></ClCompile>
    <ClCompile Include="code\client\cl_curl.c"><Filter>code\client</Filter></ClCompile>
    <ClCompile Include="code\client\cl_input.c"><Filter>code\client</Filter></ClCompile>
    <ClCompile Include="code\client\cl_keys.c"><Filter>code\client</Filter></ClCompile>
    <ClCompile Include="code\client\cl_main.c"><Filter>code\client</Filter></ClCompile>
    <ClCompile Include="code\client\cl_net_chan.c"><Filter>code\client</Filter></ClCompile>
    <ClCompile Include="code\client\cl_parse.c"><Filter>code\client</Filter></ClCompile>
    <ClCompile Include="code\client\cl_scrn.c"><Filter>code\client</Filter></ClCompile>
    <ClCompile Include="code\client\cl_ui.c"><Filter>code\client</Filter></ClCompile>
    <ClCompile Include="code\client\cl_ui_sp.c"><Filter>code\client</Filter></ClCompile>
    <ClCompile Include="code\client\libmumblelink.c"><Filter>code\client</Filter></ClCompile>
    <ClCompile Include="code\client\qal.c"><Filter>code\client</Filter></ClCompile>
    <ClCompile Include="code\client\snd_adpcm.c"><Filter>code\client</Filter></ClCompile>
    <ClCompile Include="code\client\snd_codec.c"><Filter>code\client</Filter></ClCompile>
    <ClCompile Include="code\client\snd_codec_mp3.c"><Filter>code\client</Filter></ClCompile>
    <ClCompile Include="code\client\snd_codec_ogg.c"><Filter>code\client</Filter></ClCompile>
    <ClCompile Include="code\client\snd_codec_opus.c"><Filter>code\client</Filter></ClCompile>
    <ClCompile Include="code\client\snd_codec_wav.c"><Filter>code\client</Filter></ClCompile>
    <ClCompile Include="code\client\snd_dma.c"><Filter>code\client</Filter></ClCompile>
    <ClCompile Include="code\client\snd_main.c"><Filter>code\client</Filter></ClCompile>
    <ClCompile Include="code\client\snd_mem.c"><Filter>code\client</Filter></ClCompile>
    <ClCompile Include="code\client\snd_mix.c"><Filter>code\client</Filter></ClCompile>
    <ClCompile Include="code\client\snd_openal.c"><Filter>code\client</Filter></ClCompile>
    <ClCompile Include="code\client\snd_wavelet.c"><Filter>code\client</Filter></ClCompile>
    <ClCompile Include="code\game\ai_chat.c"><Filter>code\game</Filter></ClCompile>
    <ClCompile Include="code\game\ai_cmd.c"><Filter>code\game</Filter></ClCompile>
    <ClCompile Include="code\game\ai_dmnet.c"><Filter>code\game</Filter></ClCompile>
    <ClCompile Include="code\game\ai_dmq3.c"><Filter>code\game</Filter></ClCompile>
    <ClCompile Include="code\game\ai_main.c"><Filter>code\game</Filter></ClCompile>
    <ClCompile Include="code\game\ai_team.c"><Filter>code\game</Filter></ClCompile>
    <ClCompile Include="code\game\ai_vcmd.c"><Filter>code\game</Filter></ClCompile>
    <ClCompile Include="code\game\bg_lib.c"><Filter>code\game</Filter></ClCompile>
    <ClCompile Include="code\game\bg_misc.c"><Filter>code\game</Filter></ClCompile>
    <ClCompile Include="code\game\bg_pmove.c"><Filter>code\game</Filter></ClCompile>
    <ClCompile Include="code\game\bg_slidemove.c"><Filter>code\game</Filter></ClCompile>
    <ClCompile Include="code\game\g_active.c"><Filter>code\game</Filter></ClCompile>
    <ClCompile Include="code\game\g_arenas.c"><Filter>code\game</Filter></ClCompile>
    <ClCompile Include="code\game\g_bot.c"><Filter>code\game</Filter></ClCompile>
    <ClCompile Include="code\game\g_client.c"><Filter>code\game</Filter></ClCompile>
    <ClCompile Include="code\game\g_cmds.c"><Filter>code\game</Filter></ClCompile>
    <ClCompile Include="code\game\g_combat.c"><Filter>code\game</Filter></ClCompile>
    <ClCompile Include="code\game\g_items.c"><Filter>code\game</Filter></ClCompile>
    <ClCompile Include="code\game\g_main.c"><Filter>code\game</Filter></ClCompile>
    <ClCompile Include="code\game\g_mem.c"><Filter>code\game</Filter></ClCompile>
    <ClCompile Include="code\game\g_misc.c"><Filter>code\game</Filter></ClCompile>
    <ClCompile Include="code\game\g_missile.c"><Filter>code\game</Filter></ClCompile>
    <ClCompile Include="code\game\g_mover.c"><Filter>code\game</Filter></ClCompile>
    <ClCompile Include="code\game\g_session.c"><Filter>code\game</Filter></ClCompile>
    <ClCompile Include="code\game\g_spawn.c"><Filter>code\game</Filter></ClCompile>
    <ClCompile Include="code\game\g_svcmds.c"><Filter>code\game</Filter></ClCompile>
    <ClCompile Include="code\game\g_syscalls.c"><Filter>code\game</Filter></ClCompile>
    <ClCompile Include="code\game\g_target.c"><Filter>code\game</Filter></ClCompile>
    <ClCompile Include="code\game\g_team.c"><Filter>code\game</Filter></ClCompile>
    <ClCompile Include="code\game\g_trigger.c"><Filter>code\game</Filter></ClCompile>
    <ClCompile Include="code\game\g_utils.c"><Filter>code\game</Filter></ClCompile>
    <ClCompile Include="code\game\g_weapon.c"><Filter>code\game</Filter></ClCompile>
    <ClCompile Include="code\q3_ui\ui_addbots.c"><Filter>code\q3_ui</Filter></ClCompile>
    <ClCompile Include="code\q3_ui\ui_atoms.c"><Filter>code\q3_ui</Filter></ClCompile>
    <ClCompile Include="code\q3_ui\ui_cdkey.c"><Filter>code\q3_ui</Filter></ClCompile>
    <ClCompile Include="code\q3_ui\ui_cinematics.c"><Filter>code\q3_ui</Filter></ClCompile>
    <ClCompile Include="code\q3_ui\ui_confirm.c"><Filter>code\q3_ui</Filter></ClCompile>
    <ClCompile Include="code\q3_ui\ui_connect.c"><Filter>code\q3_ui</Filter></ClCompile>
    <ClCompile Include="code\q3_ui\ui_controls2.c"><Filter>code\q3_ui</Filter></ClCompile>
    <ClCompile Include="code\q3_ui\ui_credits.c"><Filter>code\q3_ui</Filter></ClCompile>
    <ClCompile Include="code\q3_ui\ui_demo2.c"><Filter>code\q3_ui</Filter></ClCompile>
    <ClCompile Include="code\q3_ui\ui_display.c"><Filter>code\q3_ui</Filter></ClCompile>
    <ClCompile Include="code\q3_ui\ui_gameinfo.c"><Filter>code\q3_ui</Filter></ClCompile>
    <ClCompile Include="code\q3_ui\ui_ingame.c"><Filter>code\q3_ui</Filter></ClCompile>
    <ClCompile Include="code\q3_ui\ui_loadconfig.c"><Filter>code\q3_ui</Filter></ClCompile>
    <ClCompile Include="code\q3_ui\ui_main.c"><Filter>code\q3_ui</Filter></ClCompile>
    <ClCompile Include="code\q3_ui\ui_menu.c"><Filter>code\q3_ui</Filter></ClCompile>
    <ClCompile Include="code\q3_ui\ui_mfield.c"><Filter>code\q3_ui</Filter></ClCompile>
    <ClCompile Include="code\q3_ui\ui_mods.c"><Filter>code\q3_ui</Filter></ClCompile>
    <ClCompile Include="code\q3_ui\ui_network.c"><Filter>code\q3_ui</Filter></ClCompile>
    <ClCompile Include="code\q3_ui\ui_options.c"><Filter>code\q3_ui</Filter></ClCompile>
    <ClCompile Include="code\q3_ui\ui_playermodel.c"><Filter>code\q3_ui</Filter></ClCompile>
    <ClCompile Include="code\q3_ui\ui_players.c"><Filter>code\q3_ui</Filter></ClCompile>
    <ClCompile Include="code\q3_ui\ui_playersettings.c"><Filter>code\q3_ui</Filter></ClCompile>
    <ClCompile Include="code\q3_ui\ui_preferences.c"><Filter>code\q3_ui</Filter></ClCompile>
    <ClCompile Include="code\q3_ui\ui_qmenu.c"><Filter>code\q3_ui</Filter></ClCompile>
    <ClCompile Include="code\q3_ui\ui_removebots.c"><Filter>code\q3_ui</Filter></ClCompile>
    <ClCompile Include="code\q3_ui\ui_saveconfig.c"><Filter>code\q3_ui</Filter></ClCompile>
    <ClCompile Include="code\q3_ui\ui_serverinfo.c"><Filter>code\q3_ui</Filter></ClCompile>
    <ClCompile Include="code\q3_ui\ui_servers2.c"><Filter>code\q3_ui</Filter></ClCompile>
    <ClCompile Include="code\q3_ui\ui_setup.c"><Filter>code\q3_ui</Filter></ClCompile>
    <ClCompile Include="code\q3_ui\ui_sound.c"><Filter>code\q3_ui</Filter></ClCompile>
    <ClCompile Include="code\q3_ui\ui_sparena.c"><Filter>code\q3_ui</Filter></ClCompile>
    <ClCompile Include="code\q3_ui\ui_specifyserver.c"><Filter>code\q3_ui</Filter></ClCompile>
    <ClCompile Include="code\q3_ui\ui_splevel.c"><Filter>code\q3_ui</Filter></ClCompile>
    <ClCompile Include="code\q3_ui\ui_sppostgame.c"><Filter>code\q3_ui</Filter></ClCompile>
    <ClCompile Include="code\q3_ui\ui_spskill.c"><Filter>code\q3_ui</Filter></ClCompile>
    <ClCompile Include="code\q3_ui\ui_startserver.c"><Filter>code\q3_ui</Filter></ClCompile>
    <ClCompile Include="code\q3_ui\ui_team.c"><Filter>code\q3_ui</Filter></ClCompile>
    <ClCompile Include="code\q3_ui\ui_teamorders.c"><Filter>code\q3_ui</Filter></ClCompile>
    <ClCompile Include="code\q3_ui\ui_video.c"><Filter>code\q3_ui</Filter></ClCompile>
    <ClCompile Include="code\qcommon\cm_load.c"><Filter>code\qcommon</Filter></ClCompile>
    <ClCompile Include="code\qcommon\cm_patch.c"><Filter>code\qcommon</Filter></ClCompile>
    <ClCompile Include="code\qcommon\cm_polylib.c"><Filter>code\qcommon</Filter></ClCompile>
    <ClCompile Include="code\qcommon\cm_test.c"><Filter>code\qcommon</Filter></ClCompile>
    <ClCompile Include="code\qcommon\cm_trace.c"><Filter>code\qcommon</Filter></ClCompile>
    <ClCompile Include="code\qcommon\cmd.c"><Filter>code\qcommon</Filter></ClCompile>
    <ClCompile Include="code\qcommon\common.c"><Filter>code\qcommon</Filter></ClCompile>
    <ClCompile Include="code\qcommon\cvar.c"><Filter>code\qcommon</Filter></ClCompile>
    <ClCompile Include="code\qcommon\files.c"><Filter>code\qcommon</Filter></ClCompile>
    <ClCompile Include="code\qcommon\huffman.c"><Filter>code\qcommon</Filter></ClCompile>
    <ClCompile Include="code\qcommon\ioapi.c"><Filter>code\qcommon</Filter></ClCompile>
    <ClCompile Include="code\qcommon\md4.c"><Filter>code\qcommon</Filter></ClCompile>
    <ClCompile Include="code\qcommon\md5.c"><Filter>code\qcommon</Filter></ClCompile>
    <ClCompile Include="code\qcommon\msg.c"><Filter>code\qcommon</Filter></ClCompile>
    <ClCompile Include="code\qcommon\net_chan.c"><Filter>code\qcommon</Filter></ClCompile>
    <ClCompile Include="code\qcommon\net_ip.c"><Filter>code\qcommon</Filter></ClCompile>
    <ClCompile Include="code\qcommon\puff.c"><Filter>code\qcommon</Filter></ClCompile>
    <ClCompile Include="code\qcommon\q_math.c"><Filter>code\qcommon</Filter></ClCompile>
    <ClCompile Include="code\qcommon\q_shared.c"><Filter>code\qcommon</Filter></ClCompile>
    <ClCompile Include="code\qcommon\unzip.c"><Filter>code\qcommon</Filter></ClCompile>
    <ClCompile Include="code\qcommon\vm.c"><Filter>code\qcommon</Filter></ClCompile>
    <ClCompile Include="code\qcommon\vm_interpreted.c"><Filter>code\qcommon</Filter></ClCompile>
    <ClCompile Include="code\qcommon\vm_x86.c"><Filter>code\qcommon</Filter></ClCompile>
    <ClCompile Include="code\renderercommon\tr_font.c"><Filter>code\renderercommon</Filter></ClCompile>
    <ClCompile Include="code\renderercommon\tr_image_bmp.c"><Filter>code\renderercommon</Filter></ClCompile>
    <ClCompile Include="code\renderercommon\tr_image_jpg.c"><Filter>code\renderercommon</Filter></ClCompile>
    <ClCompile Include="code\renderercommon\tr_image_pcx.c"><Filter>code\renderercommon</Filter></ClCompile>
    <ClCompile Include="code\renderercommon\tr_image_png.c"><Filter>code\renderercommon</Filter></ClCompile>
    <ClCompile Include="code\renderercommon\tr_image_tga.c"><Filter>code\renderercommon</Filter></ClCompile>
    <ClCompile Include="code\renderercommon\tr_noise.c"><Filter>code\renderercommon</Filter></ClCompile>
    <ClCompile Include="code\renderergl1\tr_animation.c"><Filter>code\renderergl1</Filter></ClCompile>
    <ClCompile Include="code\renderergl1\tr_backend.c"><Filter>code\renderergl1</Filter></ClCompile>
    <ClCompile Include="code\renderergl1\tr_bsp.c"><Filter>code\renderergl1</Filter></ClCompile>
    <ClCompile Include="code\renderergl1\tr_cmds.c"><Filter>code\renderergl1</Filter></ClCompile>
    <ClCompile Include="code\renderergl1\tr_curve.c"><Filter>code\renderergl1</Filter></ClCompile>
    <ClCompile Include="code\renderergl1\tr_flares.c"><Filter>code\renderergl1</Filter></ClCompile>
    <ClCompile Include="code\renderergl1\tr_image.c"><Filter>code\renderergl1</Filter></ClCompile>
    <ClCompile Include="code\renderergl1\tr_init.c"><Filter>code\renderergl1</Filter></ClCompile>
    <ClCompile Include="code\renderergl1\tr_light.c"><Filter>code\renderergl1</Filter></ClCompile>
    <ClCompile Include="code\renderergl1\tr_main.c"><Filter>code\renderergl1</Filter></ClCompile>
    <ClCompile Include="code\renderergl1\tr_marks.c"><Filter>code\renderergl1</Filter></ClCompile>
    <ClCompile Include="code\renderergl1\tr_mesh.c"><Filter>code\renderergl1</Filter></ClCompile>
    <ClCompile Include="code\renderergl1\tr_model.c"><Filter>code\renderergl1</Filter></ClCompile>
    <ClCompile Include="code\renderergl1\tr_model_iqm.c"><Filter>code\renderergl1</Filter></ClCompile>
    <ClCompile Include="code\renderergl1\tr_scene.c"><Filter>code\renderergl1</Filter></ClCompile>
    <ClCompile Include="code\renderergl1\tr_shade.c"><Filter>code\renderergl1</Filter></ClCompile>
    <ClCompile Include="code\renderergl1\tr_shade_calc.c"><Filter>code\renderergl1</Filter></ClCompile>
    <ClCompile Include="code\renderergl1\tr_shader.c"><Filter>code\renderergl1</Filter></ClCompile>
    <ClCompile Include="code\renderergl1\tr_shadows.c"><Filter>code\renderergl1</Filter></ClCompile>
    <ClCompile Include="code\renderergl1\tr_sky.c"><Filter>code\renderergl1</Filter></ClCompile>
    <ClCompile Include="code\renderergl1\tr_subs.c"><Filter>code\renderergl1</Filter></ClCompile>
    <ClCompile Include="code\renderergl1\tr_surface.c"><Filter>code\renderergl1</Filter></ClCompile>
    <ClCompile Include="code\renderergl1\tr_world.c"><Filter>code\renderergl1</Filter></ClCompile>
    <ClCompile Include="code\sdl\sdl_gamma.c"><Filter>code\sdl</Filter></ClCompile>
    <ClCompile Include="code\sdl\sdl_glimp.c"><Filter>code\sdl</Filter></ClCompile>
    <ClCompile Include="code\sdl\sdl_input.c"><Filter>code\sdl</Filter></ClCompile>
    <ClCompile Include="code\sdl\sdl_snd.c"><Filter>code\sdl</Filter></ClCompile>
    <ClCompile Include="code\server\sv_bot.c"><Filter>code\server</Filter></ClCompile>
    <ClCompile Include="code\server\sv_ccmds.c"><Filter>code\server</Filter></ClCompile>
    <ClCompile Include="code\server\sv_client.c"><Filter>code\server</Filter></ClCompile>
    <ClCompile Include="code\server\sv_debug_server.c"><Filter>code\server</Filter></ClCompile>
    <ClCompile Include="code\server\sv_game.c"><Filter>code\server</Filter></ClCompile>
    <ClCompile Include="code\server\sv_game_sp.c"><Filter>code\server</Filter></ClCompile>
    <ClCompile Include="code\server\sv_init.c"><Filter>code\server</Filter></ClCompile>
    <ClCompile Include="code\server\sv_main.c"><Filter>code\server</Filter></ClCompile>
    <ClCompile Include="code\server\sv_net_chan.c"><Filter>code\server</Filter></ClCompile>
    <ClCompile Include="code\server\sv_snapshot.c"><Filter>code\server</Filter></ClCompile>
    <ClCompile Include="code\server\sv_world.c"><Filter>code\server</Filter></ClCompile>
    <ClCompile Include="code\sys\con_log.c"><Filter>code\sys</Filter></ClCompile>
    <ClCompile Include="code\sys\con_passive.c"><Filter>code\sys</Filter></ClCompile>
    <ClCompile Include="code\sys\sys_main.c"><Filter>code\sys</Filter></ClCompile>
    <ClCompile Include="code\sys\sys_win32.c"><Filter>code\sys</Filter></ClCompile>
    <ClCompile Include="code\ui\ui_syscalls.c"><Filter>code\ui</Filter></ClCompile>
  </ItemGroup>
  <ItemGroup>
    <ClInclude Include="code\botlib\aasfile.h"><Filter>code\botlib</Filter></ClInclude>
    <ClInclude Include="code\botlib\be_aas.h"><Filter>code\botlib</Filter></ClInclude>
    <ClInclude Include="code\botlib\be_aas_bsp.h"><Filter>code\botlib</Filter></ClInclude>
    <ClInclude Include="code\botlib\be_aas_cluster.h"><Filter>code\botlib</Filter></ClInclude>
    <ClInclude Include="code\botlib\be_aas_debug.h"><Filter>code\botlib</Filter></ClInclude>
    <ClInclude Include="code\botlib\be_aas_def.h"><Filter>code\botlib</Filter></ClInclude>
    <ClInclude Include="code\botlib\be_aas_entity.h"><Filter>code\botlib</Filter></ClInclude>
    <ClInclude Include="code\botlib\be_aas_file.h"><Filter>code\botlib</Filter></ClInclude>
    <ClInclude Include="code\botlib\be_aas_funcs.h"><Filter>code\botlib</Filter></ClInclude>
    <ClInclude Include="code\botlib\be_aas_main.h"><Filter>code\botlib</Filter></ClInclude>
    <ClInclude Include="code\botlib\be_aas_move.h"><Filter>code\botlib</Filter></ClInclude>
    <ClInclude Include="code\botlib\be_aas_optimize.h"><Filter>code\botlib</Filter></ClInclude>
    <ClInclude Include="code\botlib\be_aas_reach.h"><Filter>code\botlib</Filter></ClInclude>
    <ClInclude Include="code\botlib\be_aas_route.h"><Filter>code\botlib</Filter></ClInclude>
    <ClInclude Include="code\botlib\be_aas_routealt.h"><Filter>code\botlib</Filter></ClInclude>
    <ClInclude Include="code\botlib\be_aas_sample.h"><Filter>code\botlib</Filter></ClInclude>
    <ClInclude Include="code\botlib\be_ai_char.h"><Filter>code\botlib</Filter></ClInclude>
    <ClInclude Include="code\botlib\be_ai_chat.h"><Filter>code\botlib</Filter></ClInclude>
    <ClInclude Include="code\botlib\be_ai_gen.h"><Filter>code\botlib</Filter></ClInclude>
    <ClInclude Include="code\botlib\be_ai_goal.h"><Filter>code\botlib</Filter></ClInclude>
    <ClInclude Include="code\botlib\be_ai_move.h"><Filter>code\botlib</Filter></ClInclude>
    <ClInclude Include="code\botlib\be_ai_weap.h"><Filter>code\botlib</Filter></ClInclude>
    <ClInclude Include="code\botlib\be_ai_weight.h"><Filter>code\botlib</Filter></ClInclude>
    <ClInclude Include="code\botlib\be_ea.h"><Filter>code\botlib</Filter></ClInclude>
    <ClInclude Include="code\botlib\be_interface.h"><Filter>code\botlib</Filter></ClInclude>
    <ClInclude Include="code\botlib\botlib.h"><Filter>code\botlib</Filter></ClInclude>
    <ClInclude Include="code\botlib\l_crc.h"><Filter>code\botlib</Filter></ClInclude>
    <ClInclude Include="code\botlib\l_libvar.h"><Filter>code\botlib</Filter></ClInclude>
    <ClInclude Include="code\botlib\l_log.h"><Filter>code\botlib</Filter></ClInclude>
    <ClInclude Include="code\botlib\l_memory.h"><Filter>code\botlib</Filter></ClInclude>
    <ClInclude Include="code\botlib\l_precomp.h"><Filter>code\botlib</Filter></ClInclude>
    <ClInclude Include="code\botlib\l_script.h"><Filter>code\botlib</Filter></ClInclude>
    <ClInclude Include="code\botlib\l_struct.h"><Filter>code\botlib</Filter></ClInclude>
    <ClInclude Include="code\botlib\l_utils.h"><Filter>code\botlib</Filter></ClInclude>
    <ClInclude Include="code\cgame\cg_local.h"><Filter>code\cgame</Filter></ClInclude>
    <ClInclude Include="code\cgame\cg_public.h"><Filter>code\cgame</Filter></ClInclude>
    <ClInclude Include="code\client\cl_curl.h"><Filter>code\client</Filter></ClInclude>
    <ClInclude Include="code\client\client.h"><Filter>code\client</Filter></ClInclude>
    <ClInclude Include="code\client\keycodes.h"><Filter>code\client</Filter></ClInclude>
    <ClInclude Include="code\client\keys.h"><Filter>code\client</Filter></ClInclude>
    <ClInclude Include="code\client\libmumblelink.h"><Filter>code\client</Filter></ClInclude>
    <ClInclude Include="code\client\qal.h"><Filter>code\client</Filter></ClInclude>
    <ClInclude Include="code\client\snd_codec.h"><Filter>code\client</Filter></ClInclude>
    <ClInclude Include="code\client\snd_local.h"><Filter>code\client</Filter></ClInclude>
    <ClInclude Include="code\client\snd_public.h"><Filter>code\client</Filter></ClInclude>
    <ClInclude Include="code\game\ai_chat.h"><Filter>code\game</Filter></ClInclude>
    <ClInclude Include="code\game\ai_cmd.h"><Filter>code\game</Filter></ClInclude>
    <ClInclude Include="code\game\ai_dmnet.h"><Filter>code\game</Filter></ClInclude>
    <ClInclude Include="code\game\ai_dmq3.h"><Filter>code\game</Filter></ClInclude>
    <ClInclude Include="code\game\ai_main.h"><Filter>code\game</Filter></ClInclude>
    <ClInclude Include="code\game\ai_team.h"><Filter>code\game</Filter></ClInclude>
    <ClInclude Include="code\game\ai_vcmd.h"><Filter>code\game</Filter></ClInclude>
    <ClInclude Include="code\game\bg_lib.h"><Filter>code\game</Filter></ClInclude>
    <ClInclude Include="code\game\bg_local.h"><Filter>code\game</Filter></ClInclude>
    <ClInclude Include="code\game\bg_public.h"><Filter>code\game</Filter></ClInclude>
    <ClInclude Include="code\game\chars.h"><Filter>code\game</Filter></ClInclude>
    <ClInclude Include="code\game\g_local.h"><Filter>code\game</Filter></ClInclude>
    <ClInclude Include="code\game\g_public.h"><Filter>code\game</Filter></ClInclude>
    <ClInclude Include="code\game\g_rankings.h"><Filter>code\game</Filter></ClInclude>
    <ClInclude Include="code\game\g_team.h"><Filter>code\game</Filter></ClInclude>
    <ClInclude Include="code\game\inv.h"><Filter>code\game</Filter></ClInclude>
    <ClInclude Include="code\game\match.h"><Filter>code\game</Filter></ClInclude>
    <ClInclude Include="code\game\syn.h"><Filter>code\game</Filter></ClInclude>
    <ClInclude Include="code\q3_ui\ui_local.h"><Filter>code\q3_ui</Filter></ClInclude>
    <ClInclude Include="code\qcommon\cm_local.h"><Filter>code\qcommon</Filter></ClInclude>
    <ClInclude Include="code\qcommon\cm_patch.h"><Filter>code\qcommon</Filter></ClInclude>
    <ClInclude Include="code\qcommon\cm_polylib.h"><Filter>code\qcommon</Filter></ClInclude>
    <ClInclude Include="code\qcommon\cm_public.h"><Filter>code\qcommon</Filter></ClInclude>
    <ClInclude Include="code\qcommon\ioapi.h"><Filter>code\qcommon</Filter></ClInclude>
    <ClInclude Include="code\qcommon\json.h"><Filter>code\qcommon</Filter></ClInclude>
    <ClInclude Include="code\qcommon\puff.h"><Filter>code\qcommon</Filter></ClInclude>
    <ClInclude Include="code\qcommon\q_platform.h"><Filter>code\qcommon</Filter></ClInclude>
    <ClInclude Include="code\qcommon\q_shared.h"><Filter>code\qcommon</Filter></ClInclude>
    <ClInclude Include="code\qcommon\qcommon.h"><Filter>code\qcommon</Filter></ClInclude>
    <ClInclude Include="code\qcommon\qfiles.h"><Filter>code\qcommon</Filter></ClInclude>
    <ClInclude Include="code\qcommon\sp_types.h"><Filter>code\qcommon</Filter></ClInclude>
    <ClInclude Include="code\qcommon\surfaceflags.h"><Filter>code\qcommon</Filter></ClInclude>
    <ClInclude Include="code\qcommon\unzip.h"><Filter>code\qcommon</Filter></ClInclude>
    <ClInclude Include="code\qcommon\vm_local.h"><Filter>code\qcommon</Filter></ClInclude>
    <ClInclude Include="code\qcommon\vm_powerpc_asm.h"><Filter>code\qcommon</Filter></ClInclude>
    <ClInclude Include="code\qcommon\vm_sparc.h"><Filter>code\qcommon</Filter></ClInclude>
    <ClInclude Include="code\renderercommon\iqm.h"><Filter>code\renderercommon</Filter></ClInclude>
    <ClInclude Include="code\renderercommon\qgl.h"><Filter>code\renderercommon</Filter></ClInclude>
    <ClInclude Include="code\renderercommon\tr_common.h"><Filter>code\renderercommon</Filter></ClInclude>
    <ClInclude Include="code\renderercommon\tr_public.h"><Filter>code\renderercommon</Filter></ClInclude>
    <ClInclude Include="code\renderercommon\tr_types.h"><Filter>code\renderercommon</Filter></ClInclude>
    <ClInclude Include="code\renderergl1\tr_local.h"><Filter>code\renderergl1</Filter></ClInclude>
    <ClInclude Include="code\sdl\sdl_icon.h"><Filter>code\sdl</Filter></ClInclude>
    <ClInclude Include="code\server\server.h"><Filter>code\server</Filter></ClInclude>
    <ClInclude Include="code\sys\sys_loadlib.h"><Filter>code\sys</Filter></ClInclude>
    <ClInclude Include="code\sys\sys_local.h"><Filter>code\sys</Filter></ClInclude>
    <ClInclude Include="code\sys\win_resource.h"><Filter>code\sys</Filter></ClInclude>
    <ClInclude Include="code\ui\ui_local.h"><Filter>code\ui</Filter></ClInclude>
    <ClInclude Include="code\ui\ui_public.h"><Filter>code\ui</Filter></ClInclude>
    <ClInclude Include="code\ui\ui_shared.h"><Filter>code\ui</Filter></ClInclude>
  </ItemGroup>
  <ItemGroup>
    <None Include="code\cgame\cg_newdraw.c"><Filter>code\cgame</Filter></None>
    <None Include="code\game\g_rankings.c"><Filter>code\game</Filter></None>
    <None Include="code\null\mac_net.c"><Filter>code\null</Filter></None>
    <None Include="code\null\null_client.c"><Filter>code\null</Filter></None>
    <None Include="code\null\null_glimp.c"><Filter>code\null</Filter></None>
    <None Include="code\null\null_input.c"><Filter>code\null</Filter></None>
    <None Include="code\null\null_main.c"><Filter>code\null</Filter></None>
    <None Include="code\null\null_net.c"><Filter>code\null</Filter></None>
    <None Include="code\null\null_snddma.c"><Filter>code\null</Filter></None>
    <None Include="code\q3_ui\ui_login.c"><Filter>code\q3_ui</Filter></None>
    <None Include="code\q3_ui\ui_rankings.c"><Filter>code\q3_ui</Filter></None>
    <None Include="code\q3_ui\ui_rankstatus.c"><Filter>code\q3_ui</Filter></None>
    <None Include="code\q3_ui\ui_signup.c"><Filter>code\q3_ui</Filter></None>
    <None Include="code\q3_ui\ui_specifyleague.c"><Filter>code\q3_ui</Filter></None>
    <None Include="code\q3_ui\ui_spreset.c"><Filter>code\q3_ui</Filter></None>
    <None Include="code\qcommon\vm_none.c"><Filter>code\qcommon</Filter></None>
    <None Include="code\qcommon\vm_powerpc.c"><Filter>code\qcommon</Filter></None>
    <None Include="code\qcommon\vm_powerpc_asm.c"><Filter>code\qcommon</Filter></None>
    <None Include="code\qcommon\vm_sparc.c"><Filter>code\qcommon</Filter></None>
    <None Include="code\renderergl2\tr_animation.c"><Filter>code\renderergl2</Filter></None>
    <None Include="code\renderergl2\tr_backend.c"><Filter>code\renderergl2</Filter></None>
    <None Include="code\renderergl2\tr_bsp.c"><Filter>code\renderergl2</Filter></None>
    <None Include="code\renderergl2\tr_cmds.c"><Filter>code\renderergl2</Filter></None>
    <None Include="code\renderergl2\tr_curve.c"><Filter>code\renderergl2</Filter></None>
    <None Include="code\renderergl2\tr_dsa.c"><Filter>code\renderergl2</Filter></None>
    <None Include="code\renderergl2\tr_extensions.c"><Filter>code\renderergl2</Filter></None>
    <None Include="code\renderergl2\tr_extramath.c"><Filter>code\renderergl2</Filter></None>
    <None Include="code\renderergl2\tr_fbo.c"><Filter>code\renderergl2</Filter></None>
    <None Include="code\renderergl2\tr_flares.c"><Filter>code\renderergl2</Filter></None>
    <None Include="code\renderergl2\tr_glsl.c"><Filter>code\renderergl2</Filter></None>
    <None Include="code\renderergl2\tr_image.c"><Filter>code\renderergl2</Filter></None>
    <None Include="code\renderergl2\tr_image_dds.c"><Filter>code\renderergl2</Filter></None>
    <None Include="code\renderergl2\tr_init.c"><Filter>code\renderergl2</Filter></None>
    <None Include="code\renderergl2\tr_light.c"><Filter>code\renderergl2</Filter></None>
    <None Include="code\renderergl2\tr_main.c"><Filter>code\renderergl2</Filter></None>
    <None Include="code\renderergl2\tr_marks.c"><Filter>code\renderergl2</Filter></None>
    <None Include="code\renderergl2\tr_mesh.c"><Filter>code\renderergl2</Filter></None>
    <None Include="code\renderergl2\tr_model.c"><Filter>code\renderergl2</Filter></None>
    <None Include="code\renderergl2\tr_model_iqm.c"><Filter>code\renderergl2</Filter></None>
    <None Include="code\renderergl2\tr_postprocess.c"><Filter>code\renderergl2</Filter></None>
    <None Include="code\renderergl2\tr_scene.c"><Filter>code\renderergl2</Filter></None>
    <None Include="code\renderergl2\tr_shade.c"><Filter>code\renderergl2</Filter></None>
    <None Include="code\renderergl2\tr_shade_calc.c"><Filter>code\renderergl2</Filter></None>
    <None Include="code\renderergl2\tr_shader.c"><Filter>code\renderergl2</Filter></None>
    <None Include="code\renderergl2\tr_shadows.c"><Filter>code\renderergl2</Filter></None>
    <None Include="code\renderergl2\tr_sky.c"><Filter>code\renderergl2</Filter></None>
    <None Include="code\renderergl2\tr_subs.c"><Filter>code\renderergl2</Filter></None>
    <None Include="code\renderergl2\tr_surface.c"><Filter>code\renderergl2</Filter></None>
    <None Include="code\renderergl2\tr_vbo.c"><Filter>code\renderergl2</Filter></None>
    <None Include="code\renderergl2\tr_world.c"><Filter>code\renderergl2</Filter></None>
    <None Include="code\server\sv_rankings.c"><Filter>code\server</Filter></None>
    <None Include="code\sys\con_tty.c"><Filter>code\sys</Filter></None>
    <None Include="code\sys\con_win32.c"><Filter>code\sys</Filter></None>
    <None Include="code\sys\sys_unix.c"><Filter>code\sys</Filter></None>
    <None Include="code\ui\ui_atoms.c"><Filter>code\ui</Filter></None>
    <None Include="code\ui\ui_gameinfo.c"><Filter>code\ui</Filter></None>
    <None Include="code\ui\ui_main.c"><Filter>code\ui</Filter></None>
    <None Include="code\ui\ui_players.c"><Filter>code\ui</Filter></None>
    <None Include="code\ui\ui_shared.c"><Filter>code\ui</Filter></None>
    <None Include="code\vr\VrCvars.c"><Filter>code\vr</Filter></None>
    <None Include="code\vr\VrInputCommon.c"><Filter>code\vr</Filter></None>
    <None Include="code\vr\android\EFXR_AndroidGlue.c"><Filter>code\vr\android</Filter></None>
    <None Include="code\vr\android\EFXR_SurfaceView.c"><Filter>code\vr\android</Filter></None>
    <None Include="code\vr\android\OpenXrInput.c"><Filter>code\vr\android</Filter></None>
    <None Include="code\vr\android\TBXR_Common.c"><Filter>code\vr\android</Filter></None>
    <None Include="code\vr\android\android_crash.c"><Filter>code\vr\android</Filter></None>
    <None Include="code\vr\android\android_glimp.c"><Filter>code\vr\android</Filter></None>
    <None Include="code\vr\android\snd_opensles.c"><Filter>code\vr\android</Filter></None>
    <None Include="code\vr\windows\EFXR_SurfaceView.c"><Filter>code\vr\windows</Filter></None>
    <None Include="code\vr\windows\OpenXrInput.c"><Filter>code\vr\windows</Filter></None>
    <None Include="code\vr\windows\TBXR_Common.c"><Filter>code\vr\windows</Filter></None>
    <None Include="code\renderergl2\tr_dsa.h"><Filter>code\renderergl2</Filter></None>
    <None Include="code\renderergl2\tr_extramath.h"><Filter>code\renderergl2</Filter></None>
    <None Include="code\renderergl2\tr_extratypes.h"><Filter>code\renderergl2</Filter></None>
    <None Include="code\renderergl2\tr_fbo.h"><Filter>code\renderergl2</Filter></None>
    <None Include="code\renderergl2\tr_local.h"><Filter>code\renderergl2</Filter></None>
    <None Include="code\renderergl2\tr_postprocess.h"><Filter>code\renderergl2</Filter></None>
    <None Include="code\vr\VrBase.h"><Filter>code\vr</Filter></None>
    <None Include="code\vr\VrClientInfo.h"><Filter>code\vr</Filter></None>
    <None Include="code\vr\VrCommon.h"><Filter>code\vr</Filter></None>
    <None Include="code\vr\VrCvars.h"><Filter>code\vr</Filter></None>
    <None Include="code\vr\android\TBXR_Common.h"><Filter>code\vr\android</Filter></None>
    <None Include="code\vr\openxr\openxr.h"><Filter>code\vr\openxr</Filter></None>
    <None Include="code\vr\openxr\openxr_helpers.h"><Filter>code\vr\openxr</Filter></None>
    <None Include="code\vr\openxr\openxr_loader_negotiation.h"><Filter>code\vr\openxr</Filter></None>
    <None Include="code\vr\openxr\openxr_platform.h"><Filter>code\vr\openxr</Filter></None>
    <None Include="code\vr\openxr\openxr_platform_defines.h"><Filter>code\vr\openxr</Filter></None>
    <None Include="code\vr\openxr\openxr_reflection.h"><Filter>code\vr\openxr</Filter></None>
    <None Include="code\vr\openxr\openxr_reflection_parent_structs.h"><Filter>code\vr\openxr</Filter></None>
    <None Include="code\vr\openxr\openxr_reflection_structs.h"><Filter>code\vr\openxr</Filter></None>
    <None Include="code\vr\openxr\xr_linear.h"><Filter>code\vr\openxr</Filter></None>
    <None Include="code\vr\windows\TBXR_Common.h"><Filter>code\vr\windows</Filter></None>
  </ItemGroup>
</Project>
